%{
  "circuits_gpio": {:hex, :circuits_gpio, "0.4.1", "344dd34f2517687fd28723e5552571babff5469db05b697181cab860fe7eff23", [:make, :mix], [{:elixir_make, "~> 0.5", [hex: :elixir_make, repo: "hexpm", optional: false]}], "hexpm"},
  "circuits_i2c": {:hex, :circuits_i2c, "0.3.3", "9c3e22b5622214ab1b9c2af166cce53a3562f7ef32e7a6cb40a2298925487a95", [:make, :mix], [{:elixir_make, "~> 0.5", [hex: :elixir_make, repo: "hexpm", optional: false]}], "hexpm"},
  "circuits_spi": {:hex, :circuits_spi, "0.1.3", "a94889abc874e9976f397c649152776d9c0863e5fd3377203c7f0cf992d9609c", [:make, :mix], [{:elixir_make, "~> 0.5", [hex: :elixir_make, repo: "hexpm", optional: false]}], "hexpm"},
  "circuits_uart": {:hex, :circuits_uart, "1.3.1", "8c0a56f06828133a0b08363ecb994350a9529d388a912357d31829ae617cd801", [:mix], [{:elixir_make, "~> 0.4", [hex: :elixir_make, repo: "hexpm", optional: false]}], "hexpm"},
  "elixir_make": {:hex, :elixir_make, "0.5.2", "96a28c79f5b8d34879cd95ebc04d2a0d678cfbbd3e74c43cb63a76adf0ee8054", [:mix], [], "hexpm"},
}
